// !$*UTF8*$!
{
	archiveVersion = 1;
	classes = {
	};
	objectVersion = 46;
	objects = {

/* Begin PBXBuildFile section */
		35142E5121F2DB5100262AE3 /* SubViewController.m in Sources */ = {isa = PBXBuildFile; fileRef = 35142E5021F2DB5100262AE3 /* SubViewController.m */; };
		35142E5421F2DD4C00262AE3 /* CharacterSettingViewController.m in Sources */ = {isa = PBXBuildFile; fileRef = 35142E5321F2DD4C00262AE3 /* CharacterSettingViewController.m */; };
		35142E5721F2EBFF00262AE3 /* ControllerAnimationManager.m in Sources */ = {isa = PBXBuildFile; fileRef = 35142E5621F2EBFF00262AE3 /* ControllerAnimationManager.m */; };
		B41BD3AE21C34D71003ADC07 /* Localizable.strings in Resources */ = {isa = PBXBuildFile; fileRef = B41BD3B021C34D71003ADC07 /* Localizable.strings */; };
		B41BD3B521C35142003ADC07 /* UIDevice+DeviceInfo.m in Sources */ = {isa = PBXBuildFile; fileRef = B41BD3B421C35142003ADC07 /* UIDevice+DeviceInfo.m */; };
		B41BD3BF21C77365003ADC07 /* PeripherialViewController.m in Sources */ = {isa = PBXBuildFile; fileRef = B41BD3BE21C77365003ADC07 /* PeripherialViewController.m */; };
		B4A3A2491F2F09F800FEE539 /* main.m in Sources */ = {isa = PBXBuildFile; fileRef = B4A3A2481F2F09F800FEE539 /* main.m */; };
		B4A3A24C1F2F09F800FEE539 /* AppDelegate.m in Sources */ = {isa = PBXBuildFile; fileRef = B4A3A24B1F2F09F800FEE539 /* AppDelegate.m */; };
		B4A3A2541F2F09F800FEE539 /* Assets.xcassets in Resources */ = {isa = PBXBuildFile; fileRef = B4A3A2531F2F09F800FEE539 /* Assets.xcassets */; };
		B4A3A2571F2F09F800FEE539 /* LaunchScreen.storyboard in Resources */ = {isa = PBXBuildFile; fileRef = B4A3A2551F2F09F800FEE539 /* LaunchScreen.storyboard */; };
		B4A3A2601F2F0A1800FEE539 /* MainViewController.m in Sources */ = {isa = PBXBuildFile; fileRef = B4A3A25F1F2F0A1800FEE539 /* MainViewController.m */; };
		B4B121F821C8B13900EE0A46 /* BLECentralManager.m in Sources */ = {isa = PBXBuildFile; fileRef = B4B121F721C8B13900EE0A46 /* BLECentralManager.m */; };
		B4B348BE21C9F183003A5E0F /* PeripheralTableViewCell.m in Sources */ = {isa = PBXBuildFile; fileRef = B4B348BD21C9F183003A5E0F /* PeripheralTableViewCell.m */; };
		EB3BB8ACF9166A75CF880EDE /* Pods_newBLEcentralDemo.framework in Frameworks */ = {isa = PBXBuildFile; fileRef = 01EF18DDEB46B42D53F18B06 /* Pods_newBLEcentralDemo.framework */; };
/* End PBXBuildFile section */

/* Begin PBXFileReference section */
		01EF18DDEB46B42D53F18B06 /* Pods_newBLEcentralDemo.framework */ = {isa = PBXFileReference; explicitFileType = wrapper.framework; includeInIndex = 0; path = Pods_newBLEcentralDemo.framework; sourceTree = BUILT_PRODUCTS_DIR; };
		35142E4F21F2DB5100262AE3 /* SubViewController.h */ = {isa = PBXFileReference; lastKnownFileType = sourcecode.c.h; path = SubViewController.h; sourceTree = "<group>"; };
		35142E5021F2DB5100262AE3 /* SubViewController.m */ = {isa = PBXFileReference; lastKnownFileType = sourcecode.c.objc; path = SubViewController.m; sourceTree = "<group>"; };
		35142E5221F2DD4C00262AE3 /* CharacterSettingViewController.h */ = {isa = PBXFileReference; lastKnownFileType = sourcecode.c.h; path = CharacterSettingViewController.h; sourceTree = "<group>"; };
		35142E5321F2DD4C00262AE3 /* CharacterSettingViewController.m */ = {isa = PBXFileReference; lastKnownFileType = sourcecode.c.objc; path = CharacterSettingViewController.m; sourceTree = "<group>"; };
		35142E5521F2EBFF00262AE3 /* ControllerAnimationManager.h */ = {isa = PBXFileReference; lastKnownFileType = sourcecode.c.h; path = ControllerAnimationManager.h; sourceTree = "<group>"; };
		35142E5621F2EBFF00262AE3 /* ControllerAnimationManager.m */ = {isa = PBXFileReference; lastKnownFileType = sourcecode.c.objc; path = ControllerAnimationManager.m; sourceTree = "<group>"; };
		72EE0E910CAC4D684F88549F /* Pods-newBLEcentralDemo.debug.xcconfig */ = {isa = PBXFileReference; includeInIndex = 1; lastKnownFileType = text.xcconfig; name = "Pods-newBLEcentralDemo.debug.xcconfig"; path = "Target Support Files/Pods-newBLEcentralDemo/Pods-newBLEcentralDemo.debug.xcconfig"; sourceTree = "<group>"; };
		B41BD3A921C34B52003ADC07 /* PrefixHeader.pch */ = {isa = PBXFileReference; lastKnownFileType = sourcecode.c.h; path = PrefixHeader.pch; sourceTree = "<group>"; };
		B41BD3AA21C34C1E003ADC07 /* Constants.h */ = {isa = PBXFileReference; lastKnownFileType = sourcecode.c.h; path = Constants.h; sourceTree = "<group>"; };
		B41BD3AB21C34CB8003ADC07 /* zh-Hans */ = {isa = PBXFileReference; lastKnownFileType = text.plist.strings; name = "zh-Hans"; path = "zh-Hans.lproj/LaunchScreen.strings"; sourceTree = "<group>"; };
		B41BD3AF21C34D71003ADC07 /* zh-Hans */ = {isa = PBXFileReference; lastKnownFileType = text.plist.strings; name = "zh-Hans"; path = "zh-Hans.lproj/Localizable.strings"; sourceTree = "<group>"; };
		B41BD3B121C34D75003ADC07 /* en */ = {isa = PBXFileReference; lastKnownFileType = text.plist.strings; name = en; path = en.lproj/Localizable.strings; sourceTree = "<group>"; };
		B41BD3B321C35142003ADC07 /* UIDevice+DeviceInfo.h */ = {isa = PBXFileReference; lastKnownFileType = sourcecode.c.h; path = "UIDevice+DeviceInfo.h"; sourceTree = "<group>"; };
		B41BD3B421C35142003ADC07 /* UIDevice+DeviceInfo.m */ = {isa = PBXFileReference; lastKnownFileType = sourcecode.c.objc; path = "UIDevice+DeviceInfo.m"; sourceTree = "<group>"; };
		B41BD3BD21C77365003ADC07 /* PeripherialViewController.h */ = {isa = PBXFileReference; lastKnownFileType = sourcecode.c.h; path = PeripherialViewController.h; sourceTree = "<group>"; };
		B41BD3BE21C77365003ADC07 /* PeripherialViewController.m */ = {isa = PBXFileReference; lastKnownFileType = sourcecode.c.objc; path = PeripherialViewController.m; sourceTree = "<group>"; };
		B4A3A2441F2F09F800FEE539 /* newBLEcentralDemo.app */ = {isa = PBXFileReference; explicitFileType = wrapper.application; includeInIndex = 0; path = newBLEcentralDemo.app; sourceTree = BUILT_PRODUCTS_DIR; };
		B4A3A2481F2F09F800FEE539 /* main.m */ = {isa = PBXFileReference; lastKnownFileType = sourcecode.c.objc; path = main.m; sourceTree = "<group>"; };
		B4A3A24A1F2F09F800FEE539 /* AppDelegate.h */ = {isa = PBXFileReference; lastKnownFileType = sourcecode.c.h; path = AppDelegate.h; sourceTree = "<group>"; };
		B4A3A24B1F2F09F800FEE539 /* AppDelegate.m */ = {isa = PBXFileReference; lastKnownFileType = sourcecode.c.objc; path = AppDelegate.m; sourceTree = "<group>"; };
		B4A3A2531F2F09F800FEE539 /* Assets.xcassets */ = {isa = PBXFileReference; lastKnownFileType = folder.assetcatalog; path = Assets.xcassets; sourceTree = "<group>"; };
		B4A3A2561F2F09F800FEE539 /* Base */ = {isa = PBXFileReference; lastKnownFileType = file.storyboard; name = Base; path = Base.lproj/LaunchScreen.storyboard; sourceTree = "<group>"; };
		B4A3A2581F2F09F800FEE539 /* Info.plist */ = {isa = PBXFileReference; lastKnownFileType = text.plist.xml; path = Info.plist; sourceTree = "<group>"; };
		B4A3A25E1F2F0A1800FEE539 /* MainViewController.h */ = {isa = PBXFileReference; fileEncoding = 4; lastKnownFileType = sourcecode.c.h; path = MainViewController.h; sourceTree = "<group>"; };
		B4A3A25F1F2F0A1800FEE539 /* MainViewController.m */ = {isa = PBXFileReference; fileEncoding = 4; lastKnownFileType = sourcecode.c.objc; path = MainViewController.m; sourceTree = "<group>"; };
		B4B121F621C8B13900EE0A46 /* BLECentralManager.h */ = {isa = PBXFileReference; lastKnownFileType = sourcecode.c.h; path = BLECentralManager.h; sourceTree = "<group>"; };
		B4B121F721C8B13900EE0A46 /* BLECentralManager.m */ = {isa = PBXFileReference; lastKnownFileType = sourcecode.c.objc; path = BLECentralManager.m; sourceTree = "<group>"; };
		B4B348BC21C9F183003A5E0F /* PeripheralTableViewCell.h */ = {isa = PBXFileReference; lastKnownFileType = sourcecode.c.h; path = PeripheralTableViewCell.h; sourceTree = "<group>"; };
		B4B348BD21C9F183003A5E0F /* PeripheralTableViewCell.m */ = {isa = PBXFileReference; lastKnownFileType = sourcecode.c.objc; path = PeripheralTableViewCell.m; sourceTree = "<group>"; };
		F117AA5C9B27D4E92A4482F0 /* Pods-newBLEcentralDemo.release.xcconfig */ = {isa = PBXFileReference; includeInIndex = 1; lastKnownFileType = text.xcconfig; name = "Pods-newBLEcentralDemo.release.xcconfig"; path = "Target Support Files/Pods-newBLEcentralDemo/Pods-newBLEcentralDemo.release.xcconfig"; sourceTree = "<group>"; };
/* End PBXFileReference section */

/* Begin PBXFrameworksBuildPhase section */
		B4A3A2411F2F09F800FEE539 /* Frameworks */ = {
			isa = PBXFrameworksBuildPhase;
			buildActionMask = 2147483647;
			files = (
				EB3BB8ACF9166A75CF880EDE /* Pods_newBLEcentralDemo.framework in Frameworks */,
			);
			runOnlyForDeploymentPostprocessing = 0;
		};
/* End PBXFrameworksBuildPhase section */

/* Begin PBXGroup section */
		0BD4378DD69884E2E57030EF /* Frameworks */ = {
			isa = PBXGroup;
			children = (
				01EF18DDEB46B42D53F18B06 /* Pods_newBLEcentralDemo.framework */,
			);
			name = Frameworks;
			sourceTree = "<group>";
		};
		9CE6CE14EC84F13BA4A6E06B /* Pods */ = {
			isa = PBXGroup;
			children = (
				72EE0E910CAC4D684F88549F /* Pods-newBLEcentralDemo.debug.xcconfig */,
				F117AA5C9B27D4E92A4482F0 /* Pods-newBLEcentralDemo.release.xcconfig */,
			);
			path = Pods;
			sourceTree = "<group>";
		};
		B41BD3B921C358CD003ADC07 /* ViewController */ = {
			isa = PBXGroup;
			children = (
				B4A3A25E1F2F0A1800FEE539 /* MainViewController.h */,
				B4A3A25F1F2F0A1800FEE539 /* MainViewController.m */,
				B41BD3BD21C77365003ADC07 /* PeripherialViewController.h */,
				B41BD3BE21C77365003ADC07 /* PeripherialViewController.m */,
				35142E4F21F2DB5100262AE3 /* SubViewController.h */,
				35142E5021F2DB5100262AE3 /* SubViewController.m */,
				35142E5221F2DD4C00262AE3 /* CharacterSettingViewController.h */,
				35142E5321F2DD4C00262AE3 /* CharacterSettingViewController.m */,
			);
			path = ViewController;
			sourceTree = "<group>";
		};
		B41BD3BB21C358F0003ADC07 /* Category */ = {
			isa = PBXGroup;
			children = (
				B41BD3B321C35142003ADC07 /* UIDevice+DeviceInfo.h */,
				B41BD3B421C35142003ADC07 /* UIDevice+DeviceInfo.m */,
			);
			path = Category;
			sourceTree = "<group>";
		};
		B41BD3BC21C384C6003ADC07 /* SupportingFiles */ = {
			isa = PBXGroup;
			children = (
				B4A3A2551F2F09F800FEE539 /* LaunchScreen.storyboard */,
				B4A3A2481F2F09F800FEE539 /* main.m */,
				B41BD3A921C34B52003ADC07 /* PrefixHeader.pch */,
				B41BD3AA21C34C1E003ADC07 /* Constants.h */,
				B41BD3B021C34D71003ADC07 /* Localizable.strings */,
			);
			path = SupportingFiles;
			sourceTree = "<group>";
		};
		B41BD3C321C8ADB6003ADC07 /* Helper */ = {
			isa = PBXGroup;
			children = (
				B4B121F621C8B13900EE0A46 /* BLECentralManager.h */,
				B4B121F721C8B13900EE0A46 /* BLECentralManager.m */,
				35142E5521F2EBFF00262AE3 /* ControllerAnimationManager.h */,
				35142E5621F2EBFF00262AE3 /* ControllerAnimationManager.m */,
			);
			path = Helper;
			sourceTree = "<group>";
		};
		B4A3A23B1F2F09F800FEE539 = {
			isa = PBXGroup;
			children = (
				B4A3A2461F2F09F800FEE539 /* newBLEcentralDemo */,
				B4A3A2451F2F09F800FEE539 /* Products */,
				9CE6CE14EC84F13BA4A6E06B /* Pods */,
				0BD4378DD69884E2E57030EF /* Frameworks */,
			);
			sourceTree = "<group>";
		};
		B4A3A2451F2F09F800FEE539 /* Products */ = {
			isa = PBXGroup;
			children = (
				B4A3A2441F2F09F800FEE539 /* newBLEcentralDemo.app */,
			);
			name = Products;
			sourceTree = "<group>";
		};
		B4A3A2461F2F09F800FEE539 /* newBLEcentralDemo */ = {
			isa = PBXGroup;
			children = (
				B4A3A2581F2F09F800FEE539 /* Info.plist */,
				B4A3A24A1F2F09F800FEE539 /* AppDelegate.h */,
				B4A3A24B1F2F09F800FEE539 /* AppDelegate.m */,
				B4B348BB21C9F167003A5E0F /* View */,
				B41BD3C321C8ADB6003ADC07 /* Helper */,
				B41BD3BB21C358F0003ADC07 /* Category */,
				B41BD3B921C358CD003ADC07 /* ViewController */,
				B4A3A2531F2F09F800FEE539 /* Assets.xcassets */,
				B41BD3BC21C384C6003ADC07 /* SupportingFiles */,
			);
			path = newBLEcentralDemo;
			sourceTree = "<group>";
		};
		B4B348BB21C9F167003A5E0F /* View */ = {
			isa = PBXGroup;
			children = (
				B4B348BC21C9F183003A5E0F /* PeripheralTableViewCell.h */,
				B4B348BD21C9F183003A5E0F /* PeripheralTableViewCell.m */,
			);
			path = View;
			sourceTree = "<group>";
		};
/* End PBXGroup section */

/* Begin PBXNativeTarget section */
		B4A3A2431F2F09F800FEE539 /* newBLEcentralDemo */ = {
			isa = PBXNativeTarget;
			buildConfigurationList = B4A3A25B1F2F09F800FEE539 /* Build configuration list for PBXNativeTarget "newBLEcentralDemo" */;
			buildPhases = (
				4EFB6E4BC8E68C02B69B1825 /* [CP] Check Pods Manifest.lock */,
				B4A3A2401F2F09F800FEE539 /* Sources */,
				B4A3A2411F2F09F800FEE539 /* Frameworks */,
				B4A3A2421F2F09F800FEE539 /* Resources */,
				0D6C4F727AC27ACEC6FCCF72 /* [CP] Embed Pods Frameworks */,
			);
			buildRules = (
			);
			dependencies = (
			);
			name = newBLEcentralDemo;
			productName = newBLEcentralDemo;
			productReference = B4A3A2441F2F09F800FEE539 /* newBLEcentralDemo.app */;
			productType = "com.apple.product-type.application";
		};
/* End PBXNativeTarget section */

/* Begin PBXProject section */
		B4A3A23C1F2F09F800FEE539 /* Project object */ = {
			isa = PBXProject;
			attributes = {
				LastUpgradeCheck = 1010;
				ORGANIZATIONNAME = Ivan_deng;
				TargetAttributes = {
					B4A3A2431F2F09F800FEE539 = {
						CreatedOnToolsVersion = 8.3.3;
						DevelopmentTeam = VSH7W5Y66V;
						ProvisioningStyle = Automatic;
					};
				};
			};
			buildConfigurationList = B4A3A23F1F2F09F800FEE539 /* Build configuration list for PBXProject "newBLEcentralDemo" */;
			compatibilityVersion = "Xcode 3.2";
			developmentRegion = English;
			hasScannedForEncodings = 0;
			knownRegions = (
				en,
				Base,
			);
			mainGroup = B4A3A23B1F2F09F800FEE539;
			productRefGroup = B4A3A2451F2F09F800FEE539 /* Products */;
			projectDirPath = "";
			projectRoot = "";
			targets = (
				B4A3A2431F2F09F800FEE539 /* newBLEcentralDemo */,
			);
		};
/* End PBXProject section */

/* Begin PBXResourcesBuildPhase section */
		B4A3A2421F2F09F800FEE539 /* Resources */ = {
			isa = PBXResourcesBuildPhase;
			buildActionMask = 2147483647;
			files = (
				B4A3A2571F2F09F800FEE539 /* LaunchScreen.storyboard in Resources */,
				B41BD3AE21C34D71003ADC07 /* Localizable.strings in Resources */,
				B4A3A2541F2F09F800FEE539 /* Assets.xcassets in Resources */,
			);
			runOnlyForDeploymentPostprocessing = 0;
		};
/* End PBXResourcesBuildPhase section */

/* Begin PBXShellScriptBuildPhase section */
		0D6C4F727AC27ACEC6FCCF72 /* [CP] Embed Pods Frameworks */ = {
			isa = PBXShellScriptBuildPhase;
			buildActionMask = 2147483647;
			files = (
			);
			inputFileListPaths = (
			);
			inputPaths = (
				"${PODS_ROOT}/Target Support Files/Pods-newBLEcentralDemo/Pods-newBLEcentralDemo-frameworks.sh",
				"${BUILT_PRODUCTS_DIR}/FLEX/FLEX.framework",
				"${BUILT_PRODUCTS_DIR}/IQKeyboardManager/IQKeyboardManager.framework",
				"${BUILT_PRODUCTS_DIR}/Masonry/Masonry.framework",
				"${BUILT_PRODUCTS_DIR}/PSTAlertController/PSTAlertController.framework",
				"${BUILT_PRODUCTS_DIR}/SVProgressHUD/SVProgressHUD.framework",
				"${BUILT_PRODUCTS_DIR}/SVPullToRefresh/SVPullToRefresh.framework",
			);
			name = "[CP] Embed Pods Frameworks";
			outputFileListPaths = (
			);
			outputPaths = (
				"${TARGET_BUILD_DIR}/${FRAMEWORKS_FOLDER_PATH}/FLEX.framework",
				"${TARGET_BUILD_DIR}/${FRAMEWORKS_FOLDER_PATH}/IQKeyboardManager.framework",
				"${TARGET_BUILD_DIR}/${FRAMEWORKS_FOLDER_PATH}/Masonry.framework",
				"${TARGET_BUILD_DIR}/${FRAMEWORKS_FOLDER_PATH}/PSTAlertController.framework",
				"${TARGET_BUILD_DIR}/${FRAMEWORKS_FOLDER_PATH}/SVProgressHUD.framework",
				"${TARGET_BUILD_DIR}/${FRAMEWORKS_FOLDER_PATH}/SVPullToRefresh.framework",
			);
			runOnlyForDeploymentPostprocessing = 0;
			shellPath = /bin/sh;
			shellScript = "\"${PODS_ROOT}/Target Support Files/Pods-newBLEcentralDemo/Pods-newBLEcentralDemo-frameworks.sh\"\n";
			showEnvVarsInLog = 0;
		};
		4EFB6E4BC8E68C02B69B1825 /* [CP] Check Pods Manifest.lock */ = {
			isa = PBXShellScriptBuildPhase;
			buildActionMask = 2147483647;
			files = (
			);
			inputFileListPaths = (
			);
			inputPaths = (
				"${PODS_PODFILE_DIR_PATH}/Podfile.lock",
				"${PODS_ROOT}/Manifest.lock",
			);
			name = "[CP] Check Pods Manifest.lock";
			outputFileListPaths = (
			);
			outputPaths = (
				"$(DERIVED_FILE_DIR)/Pods-newBLEcentralDemo-checkManifestLockResult.txt",
			);
			runOnlyForDeploymentPostprocessing = 0;
			shellPath = /bin/sh;
			shellScript = "diff \"${PODS_PODFILE_DIR_PATH}/Podfile.lock\" \"${PODS_ROOT}/Manifest.lock\" > /dev/null\nif [ $? != 0 ] ; then\n    # print error to STDERR\n    echo \"error: The sandbox is not in sync with the Podfile.lock. Run 'pod install' or update your CocoaPods installation.\" >&2\n    exit 1\nfi\n# This output is used by Xcode 'outputs' to avoid re-running this script phase.\necho \"SUCCESS\" > \"${SCRIPT_OUTPUT_FILE_0}\"\n";
			showEnvVarsInLog = 0;
		};
/* End PBXShellScriptBuildPhase section */

/* Begin PBXSourcesBuildPhase section */
		B4A3A2401F2F09F800FEE539 /* Sources */ = {
			isa = PBXSourcesBuildPhase;
			buildActionMask = 2147483647;
			files = (
				B4A3A24C1F2F09F800FEE539 /* AppDelegate.m in Sources */,
				B41BD3B521C35142003ADC07 /* UIDevice+DeviceInfo.m in Sources */,
				35142E5721F2EBFF00262AE3 /* ControllerAnimationManager.m in Sources */,
				35142E5421F2DD4C00262AE3 /* CharacterSettingViewController.m in Sources */,
				B41BD3BF21C77365003ADC07 /* PeripherialViewController.m in Sources */,
				B4A3A2601F2F0A1800FEE539 /* MainViewController.m in Sources */,
				B4A3A2491F2F09F800FEE539 /* main.m in Sources */,
				B4B121F821C8B13900EE0A46 /* BLECentralManager.m in Sources */,
				B4B348BE21C9F183003A5E0F /* PeripheralTableViewCell.m in Sources */,
				35142E5121F2DB5100262AE3 /* SubViewController.m in Sources */,
			);
			runOnlyForDeploymentPostprocessing = 0;
		};
/* End PBXSourcesBuildPhase section */

/* Begin PBXVariantGroup section */
		B41BD3B021C34D71003ADC07 /* Localizable.strings */ = {
			isa = PBXVariantGroup;
			children = (
				B41BD3AF21C34D71003ADC07 /* zh-Hans */,
				B41BD3B121C34D75003ADC07 /* en */,
			);
			name = Localizable.strings;
			sourceTree = "<group>";
		};
		B4A3A2551F2F09F800FEE539 /* LaunchScreen.storyboard */ = {
			isa = PBXVariantGroup;
			children = (
				B4A3A2561F2F09F800FEE539 /* Base */,
				B41BD3AB21C34CB8003ADC07 /* zh-Hans */,
			);
			name = LaunchScreen.storyboard;
			sourceTree = "<group>";
		};
/* End PBXVariantGroup section */

/* Begin XCBuildConfiguration section */
		B4A3A2591F2F09F800FEE539 /* Debug */ = {
			isa = XCBuildConfiguration;
			buildSettings = {
				ALWAYS_SEARCH_USER_PATHS = NO;
				CLANG_ANALYZER_LOCALIZABILITY_NONLOCALIZED = YES;
				CLANG_ANALYZER_NONNULL = YES;
				CLANG_ANALYZER_NUMBER_OBJECT_CONVERSION = YES_AGGRESSIVE;
				CLANG_CXX_LANGUAGE_STANDARD = "gnu++0x";
				CLANG_CXX_LIBRARY = "libc++";
				CLANG_ENABLE_MODULES = YES;
				CLANG_ENABLE_OBJC_ARC = YES;
				CLANG_WARN_BLOCK_CAPTURE_AUTORELEASING = YES;
				CLANG_WARN_BOOL_CONVERSION = YES;
				CLANG_WARN_COMMA = YES;
				CLANG_WARN_CONSTANT_CONVERSION = YES;
				CLANG_WARN_DEPRECATED_OBJC_IMPLEMENTATIONS = YES;
				CLANG_WARN_DIRECT_OBJC_ISA_USAGE = YES_ERROR;
				CLANG_WARN_DOCUMENTATION_COMMENTS = YES;
				CLANG_WARN_EMPTY_BODY = YES;
				CLANG_WARN_ENUM_CONVERSION = YES;
				CLANG_WARN_INFINITE_RECURSION = YES;
				CLANG_WARN_INT_CONVERSION = YES;
				CLANG_WARN_NON_LITERAL_NULL_CONVERSION = YES;
				CLANG_WARN_OBJC_IMPLICIT_RETAIN_SELF = YES;
				CLANG_WARN_OBJC_LITERAL_CONVERSION = YES;
				CLANG_WARN_OBJC_ROOT_CLASS = YES_ERROR;
				CLANG_WARN_RANGE_LOOP_ANALYSIS = YES;
				CLANG_WARN_STRICT_PROTOTYPES = YES;
				CLANG_WARN_SUSPICIOUS_MOVE = YES;
				CLANG_WARN_UNREACHABLE_CODE = YES;
				CLANG_WARN__DUPLICATE_METHOD_MATCH = YES;
				"CODE_SIGN_IDENTITY[sdk=iphoneos*]" = "iPhone Developer";
				COPY_PHASE_STRIP = NO;
				DEBUG_INFORMATION_FORMAT = dwarf;
				ENABLE_STRICT_OBJC_MSGSEND = YES;
				ENABLE_TESTABILITY = YES;
				GCC_C_LANGUAGE_STANDARD = gnu99;
				GCC_DYNAMIC_NO_PIC = NO;
				GCC_NO_COMMON_BLOCKS = YES;
				GCC_OPTIMIZATION_LEVEL = 0;
				GCC_PREPROCESSOR_DEFINITIONS = (
					"DEBUG=1",
					"$(inherited)",
				);
				GCC_WARN_64_TO_32_BIT_CONVERSION = YES;
				GCC_WARN_ABOUT_RETURN_TYPE = YES_ERROR;
				GCC_WARN_UNDECLARED_SELECTOR = YES;
				GCC_WARN_UNINITIALIZED_AUTOS = YES_AGGRESSIVE;
				GCC_WARN_UNUSED_FUNCTION = YES;
				GCC_WARN_UNUSED_VARIABLE = YES;
				IPHONEOS_DEPLOYMENT_TARGET = 10.3;
				MTL_ENABLE_DEBUG_INFO = YES;
				ONLY_ACTIVE_ARCH = YES;
				SDKROOT = iphoneos;
			};
			name = Debug;
		};
		B4A3A25A1F2F09F800FEE539 /* Release */ = {
			isa = XCBuildConfiguration;
			buildSettings = {
				ALWAYS_SEARCH_USER_PATHS = NO;
				CLANG_ANALYZER_LOCALIZABILITY_NONLOCALIZED = YES;
				CLANG_ANALYZER_NONNULL = YES;
				CLANG_ANALYZER_NUMBER_OBJECT_CONVERSION = YES_AGGRESSIVE;
				CLANG_CXX_LANGUAGE_STANDARD = "gnu++0x";
				CLANG_CXX_LIBRARY = "libc++";
				CLANG_ENABLE_MODULES = YES;
				CLANG_ENABLE_OBJC_ARC = YES;
				CLANG_WARN_BLOCK_CAPTURE_AUTORELEASING = YES;
				CLANG_WARN_BOOL_CONVERSION = YES;
				CLANG_WARN_COMMA = YES;
				CLANG_WARN_CONSTANT_CONVERSION = YES;
				CLANG_WARN_DEPRECATED_OBJC_IMPLEMENTATIONS = YES;
				CLANG_WARN_DIRECT_OBJC_ISA_USAGE = YES_ERROR;
				CLANG_WARN_DOCUMENTATION_COMMENTS = YES;
				CLANG_WARN_EMPTY_BODY = YES;
				CLANG_WARN_ENUM_CONVERSION = YES;
				CLANG_WARN_INFINITE_RECURSION = YES;
				CLANG_WARN_INT_CONVERSION = YES;
				CLANG_WARN_NON_LITERAL_NULL_CONVERSION = YES;
				CLANG_WARN_OBJC_IMPLICIT_RETAIN_SELF = YES;
				CLANG_WARN_OBJC_LITERAL_CONVERSION = YES;
				CLANG_WARN_OBJC_ROOT_CLASS = YES_ERROR;
				CLANG_WARN_RANGE_LOOP_ANALYSIS = YES;
				CLANG_WARN_STRICT_PROTOTYPES = YES;
				CLANG_WARN_SUSPICIOUS_MOVE = YES;
				CLANG_WARN_UNREACHABLE_CODE = YES;
				CLANG_WARN__DUPLICATE_METHOD_MATCH = YES;
				"CODE_SIGN_IDENTITY[sdk=iphoneos*]" = "iPhone Developer";
				COPY_PHASE_STRIP = NO;
				DEBUG_INFORMATION_FORMAT = "dwarf-with-dsym";
				ENABLE_NS_ASSERTIONS = NO;
				ENABLE_STRICT_OBJC_MSGSEND = YES;
				GCC_C_LANGUAGE_STANDARD = gnu99;
				GCC_NO_COMMON_BLOCKS = YES;
				GCC_WARN_64_TO_32_BIT_CONVERSION = YES;
				GCC_WARN_ABOUT_RETURN_TYPE = YES_ERROR;
				GCC_WARN_UNDECLARED_SELECTOR = YES;
				GCC_WARN_UNINITIALIZED_AUTOS = YES_AGGRESSIVE;
				GCC_WARN_UNUSED_FUNCTION = YES;
				GCC_WARN_UNUSED_VARIABLE = YES;
				IPHONEOS_DEPLOYMENT_TARGET = 10.3;
				MTL_ENABLE_DEBUG_INFO = NO;
				SDKROOT = iphoneos;
				VALIDATE_PRODUCT = YES;
			};
			name = Release;
		};
		B4A3A25C1F2F09F800FEE539 /* Debug */ = {
			isa = XCBuildConfiguration;
			baseConfigurationReference = 72EE0E910CAC4D684F88549F /* Pods-newBLEcentralDemo.debug.xcconfig */;
			buildSettings = {
				ASSETCATALOG_COMPILER_APPICON_NAME = AppIcon;
				CODE_SIGN_IDENTITY = "iPhone Developer";
				CODE_SIGN_STYLE = Automatic;
				DEVELOPMENT_TEAM = VSH7W5Y66V;
				GCC_INCREASE_PRECOMPILED_HEADER_SHARING = YES;
				GCC_PRECOMPILE_PREFIX_HEADER = YES;
				GCC_PREFIX_HEADER = "$(SRCROOT)/newBLEcentralDemo/SupportingFiles/PrefixHeader.pch";
				INFOPLIST_FILE = newBLEcentralDemo/Info.plist;
				LD_RUNPATH_SEARCH_PATHS = "$(inherited) @executable_path/Frameworks";
				PRODUCT_BUNDLE_IDENTIFIER = com.seal.newBLEcentralDemo;
				PRODUCT_NAME = "$(TARGET_NAME)";
				PROVISIONING_PROFILE_SPECIFIER = "";
				SHARED_PRECOMPS_DIR = "";
			};
			name = Debug;
		};
		B4A3A25D1F2F09F800FEE539 /* Release */ = {
			isa = XCBuildConfiguration;
			baseConfigurationReference = F117AA5C9B27D4E92A4482F0 /* Pods-newBLEcentralDemo.release.xcconfig */;
			buildSettings = {
				ASSETCATALOG_COMPILER_APPICON_NAME = AppIcon;
				CODE_SIGN_IDENTITY = "iPhone Developer";
				CODE_SIGN_STYLE = Automatic;
				DEVELOPMENT_TEAM = VSH7W5Y66V;
				GCC_INCREASE_PRECOMPILED_HEADER_SHARING = YES;
				GCC_PRECOMPILE_PREFIX_HEADER = YES;
				GCC_PREFIX_HEADER = "$(SRCROOT)/newBLEcentralDemo/SupportingFiles/PrefixHeader.pch";
				INFOPLIST_FILE = newBLEcentralDemo/Info.plist;
				LD_RUNPATH_SEARCH_PATHS = "$(inherited) @executable_path/Frameworks";
				PRODUCT_BUNDLE_IDENTIFIER = com.seal.newBLEcentralDemo;
				PRODUCT_NAME = "$(TARGET_NAME)";
				PROVISIONING_PROFILE_SPECIFIER = "";
				SHARED_PRECOMPS_DIR = "";
			};
			name = Release;
		};
/* End XCBuildConfiguration section */

/* Begin XCConfigurationList section */
		B4A3A23F1F2F09F800FEE539 /* Build configuration list for PBXProject "newBLEcentralDemo" */ = {
			isa = XCConfigurationList;
			buildConfigurations = (
				B4A3A2591F2F09F800FEE539 /* Debug */,
				B4A3A25A1F2F09F800FEE539 /* Release */,
			);
			defaultConfigurationIsVisible = 0;
			defaultConfigurationName = Release;
		};
		B4A3A25B1F2F09F800FEE539 /* Build configuration list for PBXNativeTarget "newBLEcentralDemo" */ = {
			isa = XCConfigurationList;
			buildConfigurations = (
				B4A3A25C1F2F09F800FEE539 /* Debug */,
				B4A3A25D1F2F09F800FEE539 /* Release */,
			);
			defaultConfigurationIsVisible = 0;
			defaultConfigurationName = Release;
		};
/* End XCConfigurationList section */
	};
	rootObject = B4A3A23C1F2F09F800FEE539 /* Project object */;
}
